{
  "name": "workspace",
  "lockfileVersion": 3,
  "requires": true,
  "packages": {
    "": {
      "name": "workspace",
      "workspaces": [
        "modules/*"
      ],
      "devDependencies": {
        "commander": "^11.1.0",
        "npmluau": "^0.1.1"
      }
    },
    "modules/flash-list": {
      "name": "@neura-studios/flash-list",
      "version": "1.6.4",
      "license": "MIT",
      "devDependencies": {
        "npmluau": "^0.1.0"
      }
    },
    "modules/recyclerlistview": {
      "name": "@neura-studios/recyclerlistview",
      "version": "4.2.0",
      "license": "MIT",
      "dependencies": {
        "@jsdotlua/luau-polyfill": "^1.2.6",
        "@jsdotlua/promise": "^3.5.0",
        "@jsdotlua/react": "^17.1.0"
      },
      "devDependencies": {
        "@jsdotlua/react-roblox": "^17.1.0",
        "npmluau": "^0.1.0"
      }
    },
    "node_modules/@jsdotlua/boolean": {
      "version": "1.2.6",
      "resolved": "https://registry.npmjs.org/@jsdotlua/boolean/-/boolean-1.2.6.tgz",
      "integrity": "sha512-UeYZRU39Bl1ww/JJpO9kDAIFKbuyGGJx3tXRdKPO19HI4N4mjSAPwdakCHe/IZqjhUKIlEfCXE96LvigA+harQ==",
      "license": "MIT",
      "dependencies": {
        "@jsdotlua/number": "^1.2.6"
      }
    },
    "node_modules/@jsdotlua/collections": {
      "version": "1.2.6",
      "resolved": "https://registry.npmjs.org/@jsdotlua/collections/-/collections-1.2.6.tgz",
      "integrity": "sha512-iW4aRzlzrwj66AEXb+E1HcEzpOe1vELBCZE4a6xeEWAR9+oynIj4q3aJXvQdBvIkWPYcSSXzLlloukz7KwDJwg==",
      "license": "MIT",
      "dependencies": {
        "@jsdotlua/es7-types": "^1.2.6",
        "@jsdotlua/instance-of": "^1.2.6"
      }
    },
    "node_modules/@jsdotlua/console": {
      "version": "1.2.6",
      "resolved": "https://registry.npmjs.org/@jsdotlua/console/-/console-1.2.6.tgz",
      "integrity": "sha512-8INf3Q1uqTWH+pkFI6j+Uh0GWU8+QAUvkT8xk5L2divjYa+VKsWv3LynW1lhF3zVJ5zQWKQs0UI33qITb96iEA==",
      "license": "MIT",
      "dependencies": {
        "@jsdotlua/collections": "^1.2.6"
      }
    },
    "node_modules/@jsdotlua/es7-types": {
      "version": "1.2.6",
      "resolved": "https://registry.npmjs.org/@jsdotlua/es7-types/-/es7-types-1.2.6.tgz",
      "integrity": "sha512-MwJez3MWKYxYyKYiUDaa6PCZ+h7vfKsDU9J8aX6Py6I6X1LWViaacECZEKSy4DO+jXpjZG9grb0mzqiDR57suw==",
      "license": "MIT"
    },
    "node_modules/@jsdotlua/instance-of": {
      "version": "1.2.6",
      "resolved": "https://registry.npmjs.org/@jsdotlua/instance-of/-/instance-of-1.2.6.tgz",
      "integrity": "sha512-LYizoL7ffylgTSunTSUwxlaRJ3GNhk7ucgdRLy/IygtTNnaRb+7ObMP8+xgqQztYx07cRuoq6IRBAR0XVYaO1g==",
      "license": "MIT"
    },
    "node_modules/@jsdotlua/luau-polyfill": {
      "version": "1.2.6",
      "resolved": "https://registry.npmjs.org/@jsdotlua/luau-polyfill/-/luau-polyfill-1.2.6.tgz",
      "integrity": "sha512-jTRn2BQhjzF5ujWvAoxeepnwUp8lLDp2Q/oLZv7AmE1nJEjyLzedmM1AKoWH8ZDEhcw21tWSI5A+el2tKSGmAQ==",
      "license": "MIT",
      "dependencies": {
        "@jsdotlua/boolean": "^1.2.6",
        "@jsdotlua/collections": "^1.2.6",
        "@jsdotlua/console": "^1.2.6",
        "@jsdotlua/es7-types": "^1.2.6",
        "@jsdotlua/instance-of": "^1.2.6",
        "@jsdotlua/math": "^1.2.6",
        "@jsdotlua/number": "^1.2.6",
        "@jsdotlua/string": "^1.2.6",
        "@jsdotlua/timers": "^1.2.6",
        "symbol-luau": "^1.0.0"
      }
    },
    "node_modules/@jsdotlua/math": {
      "version": "1.2.6",
      "resolved": "https://registry.npmjs.org/@jsdotlua/math/-/math-1.2.6.tgz",
      "integrity": "sha512-n9E0kIdPjFn7eYBHW4naVV+YhM9tnnKN9huEpieatW6tlgVy3RhWc9YsH5X2VAzKxOYbPptjaA0qVvgo5dWtyQ==",
      "license": "MIT"
    },
    "node_modules/@jsdotlua/number": {
      "version": "1.2.6",
      "resolved": "https://registry.npmjs.org/@jsdotlua/number/-/number-1.2.6.tgz",
      "integrity": "sha512-NNYgp17K5NFCvtqSA/3tAxdEiUz096LX0RsbOcHfWKpFk0Ld9xPb6aJQY2vAgTB/hTXTV8O055dnAzPHbmg/Jw==",
      "license": "MIT"
    },
    "node_modules/@jsdotlua/promise": {
      "version": "3.5.0",
      "resolved": "https://registry.npmjs.org/@jsdotlua/promise/-/promise-3.5.0.tgz",
      "integrity": "sha512-uMwL18+wAhzJ65O9VYEsS2+ns5J/ABcY3oTASznlKdPU+syE1LK1hTy/LqEouHiDNZ1zAvmNUA3kY7oZ4/3gOw==",
      "license": "MIT"
    },
    "node_modules/@jsdotlua/react": {
      "version": "17.1.0",
      "resolved": "https://registry.npmjs.org/@jsdotlua/react/-/react-17.1.0.tgz",
      "integrity": "sha512-sxh0q7nxiLtGXV1dWJab7Vu4aaqkdh8sNCqjyAuK5cnPUFPuZ/v1t6iDg2eeCaFOtY82BsxA/LT4DbPmMx0Png==",
      "license": "MIT",
      "dependencies": {
        "@jsdotlua/luau-polyfill": "^1.2.6",
        "@jsdotlua/shared": "^17.1.0"
      }
    },
    "node_modules/@jsdotlua/react-reconciler": {
      "version": "17.1.0",
      "resolved": "https://registry.npmjs.org/@jsdotlua/react-reconciler/-/react-reconciler-17.1.0.tgz",
      "integrity": "sha512-DMunlf3TphfGXAXZKVAhwmrCy/5wbEc56eyXn5l9oyvPysPnHCw02FlG9e8JGIXeXGC6nNz893C3Qw50psDnLg==",
      "dev": true,
      "dependencies": {
        "@jsdotlua/luau-polyfill": "^1.2.6",
        "@jsdotlua/promise": "^3.5.0",
        "@jsdotlua/react": "^17.1.0",
        "@jsdotlua/scheduler": "^17.1.0",
        "@jsdotlua/shared": "^17.1.0"
      }
    },
    "node_modules/@jsdotlua/react-roblox": {
      "version": "17.1.0",
      "resolved": "https://registry.npmjs.org/@jsdotlua/react-roblox/-/react-roblox-17.1.0.tgz",
      "integrity": "sha512-QTUf3kHNgN5gnebtpbw0PRgMbAJi6aaM9YrlAJMesQYNOeDfpOxy1MrBJ+c5gXwwm78+wilq2lMNqHdbg+FH4w==",
      "dev": true,
      "dependencies": {
        "@jsdotlua/luau-polyfill": "^1.2.6",
        "@jsdotlua/react": "^17.1.0",
        "@jsdotlua/react-reconciler": "^17.1.0",
        "@jsdotlua/scheduler": "^17.1.0",
        "@jsdotlua/shared": "^17.1.0"
      }
    },
    "node_modules/@jsdotlua/scheduler": {
      "version": "17.1.0",
      "resolved": "https://registry.npmjs.org/@jsdotlua/scheduler/-/scheduler-17.1.0.tgz",
      "integrity": "sha512-9S5W4NIVjo0/lKViaAV42LPuZx0kJ1711B7MkJivyEO3yKn1+F49iv3kUNKxU8+KUZV3DUYsCLghlQ+/E+Y3Uw==",
      "dev": true,
      "dependencies": {
        "@jsdotlua/luau-polyfill": "^1.2.6",
        "@jsdotlua/shared": "^17.1.0"
      }
    },
    "node_modules/@jsdotlua/shared": {
      "version": "17.1.0",
      "resolved": "https://registry.npmjs.org/@jsdotlua/shared/-/shared-17.1.0.tgz",
      "integrity": "sha512-TzVpMOIZmoLa92uQgkJZcBxRlominM2hVwDh0/xipSiXCareb5uDLWTnOa4AkVekRRfy2GiuX0+QsjdIoODdiw==",
      "license": "MIT",
      "dependencies": {
        "@jsdotlua/luau-polyfill": "^1.2.6"
      }
    },
    "node_modules/@jsdotlua/string": {
      "version": "1.2.6",
      "resolved": "https://registry.npmjs.org/@jsdotlua/string/-/string-1.2.6.tgz",
      "integrity": "sha512-ZMgH+DgJGSuDdNR0v4mdrimaS25osmPyyPeYglYhyD3mkFSmpX6XthH7+Kk/lym1iYfUDRwREUsa68GRVDy4JQ==",
      "license": "MIT",
      "dependencies": {
        "@jsdotlua/es7-types": "^1.2.6",
        "@jsdotlua/number": "^1.2.6"
      }
    },
    "node_modules/@jsdotlua/timers": {
      "version": "1.2.6",
      "resolved": "https://registry.npmjs.org/@jsdotlua/timers/-/timers-1.2.6.tgz",
      "integrity": "sha512-vYMNJqvzQM6lhvHARaViQNPL0hLZEzotk51eDJefyyED9ko1LuJaGaZmCurFbgp/n0hR1xtc/LcanN3hb3G9xg==",
      "license": "MIT",
      "dependencies": {
        "@jsdotlua/collections": "^1.2.6"
      }
    },
    "node_modules/@neura-studios/flash-list": {
      "resolved": "modules/flash-list",
      "link": true
    },
    "node_modules/@neura-studios/recyclerlistview": {
      "resolved": "modules/recyclerlistview",
      "link": true
    },
    "node_modules/commander": {
      "version": "11.1.0",
      "resolved": "https://registry.npmjs.org/commander/-/commander-11.1.0.tgz",
      "integrity": "sha512-yPVavfyCcRhmorC7rWlkHn15b4wDVgVmBA7kV4QVBsF7kv/9TKJAbAXVTxvTnwP8HHKjRCJDClKbciiYS7p0DQ==",
      "dev": true,
      "license": "MIT",
      "engines": {
        "node": ">=16"
      }
    },
    "node_modules/npmluau": {
      "version": "0.1.1",
      "resolved": "https://registry.npmjs.org/npmluau/-/npmluau-0.1.1.tgz",
      "integrity": "sha512-nHY1rR32SPIbDvZRIXWPduxyr+Dp42sT7vIEedHhodvhCsCEYTpxyIDrt6/nr+paTK1uhqUQm8HuzmW5O+38wQ==",
      "dev": true,
      "license": "MIT",
      "dependencies": {
        "commander": "^11.0.0",
        "walkdir": "^0.4.1"
      },
      "bin": {
        "npmluau": "main.js"
      }
    },
    "node_modules/symbol-luau": {
      "version": "1.0.1",
      "resolved": "https://registry.npmjs.org/symbol-luau/-/symbol-luau-1.0.1.tgz",
      "integrity": "sha512-rOkl1ZSO5xMTHjCBkEgR2w55KDlJCdBYKWvR+x+1MTQjcFwRA/3XjWLJn+FGfpHELdsZ/GlPUTXRt7toQe74Ig==",
      "license": "MIT"
    },
    "node_modules/walkdir": {
      "version": "0.4.1",
      "resolved": "https://registry.npmjs.org/walkdir/-/walkdir-0.4.1.tgz",
      "integrity": "sha512-3eBwRyEln6E1MSzcxcVpQIhRG8Q1jLvEqRmCZqS3dsfXEDR/AhOF4d+jHg1qvDCpYaVRZjENPQyrVxAkQqxPgQ==",
      "dev": true,
      "license": "MIT",
      "engines": {
        "node": ">=6.0.0"
      }
    }
  }
}
