# THIS IS AN AUTOGENERATED FILE. DO NOT EDIT THIS FILE DIRECTLY.
# yarn lockfile v1


"@jsdotlua/boolean@^1.2.6":
  version "1.2.6"
  resolved "https://registry.yarnpkg.com/@jsdotlua/boolean/-/boolean-1.2.6.tgz#fe57b599812fbd83919e708ed76d47646386f391"
  integrity sha512-UeYZRU39Bl1ww/JJpO9kDAIFKbuyGGJx3tXRdKPO19HI4N4mjSAPwdakCHe/IZqjhUKIlEfCXE96LvigA+harQ==
  dependencies:
    "@jsdotlua/number" "^1.2.6"

"@jsdotlua/collections@^1.2.6":
  version "1.2.6"
  resolved "https://registry.yarnpkg.com/@jsdotlua/collections/-/collections-1.2.6.tgz#2c763b89c68e603f4692760d371bc3aefb9025f0"
  integrity sha512-iW4aRzlzrwj66AEXb+E1HcEzpOe1vELBCZE4a6xeEWAR9+oynIj4q3aJXvQdBvIkWPYcSSXzLlloukz7KwDJwg==
  dependencies:
    "@jsdotlua/es7-types" "^1.2.6"
    "@jsdotlua/instance-of" "^1.2.6"

"@jsdotlua/console@^1.2.6":
  version "1.2.6"
  resolved "https://registry.yarnpkg.com/@jsdotlua/console/-/console-1.2.6.tgz#7501e16bb46cf65d593ee66aeda1594933e9d899"
  integrity sha512-8INf3Q1uqTWH+pkFI6j+Uh0GWU8+QAUvkT8xk5L2divjYa+VKsWv3LynW1lhF3zVJ5zQWKQs0UI33qITb96iEA==
  dependencies:
    "@jsdotlua/collections" "^1.2.6"

"@jsdotlua/es7-types@^1.2.6":
  version "1.2.6"
  resolved "https://registry.yarnpkg.com/@jsdotlua/es7-types/-/es7-types-1.2.6.tgz#f428089e159fd6084dfd74a9a4687cf3e303bfe0"
  integrity sha512-MwJez3MWKYxYyKYiUDaa6PCZ+h7vfKsDU9J8aX6Py6I6X1LWViaacECZEKSy4DO+jXpjZG9grb0mzqiDR57suw==

"@jsdotlua/instance-of@^1.2.6":
  version "1.2.6"
  resolved "https://registry.yarnpkg.com/@jsdotlua/instance-of/-/instance-of-1.2.6.tgz#63c374b1a43396bf16c69c55964513d2f46993b0"
  integrity sha512-LYizoL7ffylgTSunTSUwxlaRJ3GNhk7ucgdRLy/IygtTNnaRb+7ObMP8+xgqQztYx07cRuoq6IRBAR0XVYaO1g==

"@jsdotlua/luau-polyfill@^1.2.6":
  version "1.2.6"
  resolved "https://registry.yarnpkg.com/@jsdotlua/luau-polyfill/-/luau-polyfill-1.2.6.tgz#41f87fdd6d4c640fc85f77523dc25ddbd108b8b6"
  integrity sha512-jTRn2BQhjzF5ujWvAoxeepnwUp8lLDp2Q/oLZv7AmE1nJEjyLzedmM1AKoWH8ZDEhcw21tWSI5A+el2tKSGmAQ==
  dependencies:
    "@jsdotlua/boolean" "^1.2.6"
    "@jsdotlua/collections" "^1.2.6"
    "@jsdotlua/console" "^1.2.6"
    "@jsdotlua/es7-types" "^1.2.6"
    "@jsdotlua/instance-of" "^1.2.6"
    "@jsdotlua/math" "^1.2.6"
    "@jsdotlua/number" "^1.2.6"
    "@jsdotlua/string" "^1.2.6"
    "@jsdotlua/timers" "^1.2.6"
    symbol-luau "^1.0.0"

"@jsdotlua/math@^1.2.6":
  version "1.2.6"
  resolved "https://registry.yarnpkg.com/@jsdotlua/math/-/math-1.2.6.tgz#cc84100182640b23710d7c1b2359ac653a579629"
  integrity sha512-n9E0kIdPjFn7eYBHW4naVV+YhM9tnnKN9huEpieatW6tlgVy3RhWc9YsH5X2VAzKxOYbPptjaA0qVvgo5dWtyQ==

"@jsdotlua/number@^1.2.6":
  version "1.2.6"
  resolved "https://registry.yarnpkg.com/@jsdotlua/number/-/number-1.2.6.tgz#b10bb2e2ab3be26987880a8efd370bc6cd4bea40"
  integrity sha512-NNYgp17K5NFCvtqSA/3tAxdEiUz096LX0RsbOcHfWKpFk0Ld9xPb6aJQY2vAgTB/hTXTV8O055dnAzPHbmg/Jw==

"@jsdotlua/promise@^3.5.0":
  version "3.5.0"
  resolved "https://registry.yarnpkg.com/@jsdotlua/promise/-/promise-3.5.0.tgz#d0d1d5f3f2003a2935420a79449680a01050d66c"
  integrity sha512-uMwL18+wAhzJ65O9VYEsS2+ns5J/ABcY3oTASznlKdPU+syE1LK1hTy/LqEouHiDNZ1zAvmNUA3kY7oZ4/3gOw==

"@jsdotlua/react@^17.1.0":
  version "17.1.0"
  resolved "https://registry.yarnpkg.com/@jsdotlua/react/-/react-17.1.0.tgz#4b602d894d760c4ebc72d0b939e96d20209bdfca"
  integrity sha512-sxh0q7nxiLtGXV1dWJab7Vu4aaqkdh8sNCqjyAuK5cnPUFPuZ/v1t6iDg2eeCaFOtY82BsxA/LT4DbPmMx0Png==
  dependencies:
    "@jsdotlua/luau-polyfill" "^1.2.6"
    "@jsdotlua/shared" "^17.1.0"

"@jsdotlua/shared@^17.1.0":
  version "17.1.0"
  resolved "https://registry.yarnpkg.com/@jsdotlua/shared/-/shared-17.1.0.tgz#c6359f3ae9936fbffb019e87b6d96b6d324065b1"
  integrity sha512-TzVpMOIZmoLa92uQgkJZcBxRlominM2hVwDh0/xipSiXCareb5uDLWTnOa4AkVekRRfy2GiuX0+QsjdIoODdiw==
  dependencies:
    "@jsdotlua/luau-polyfill" "^1.2.6"

"@jsdotlua/string@^1.2.6":
  version "1.2.6"
  resolved "https://registry.yarnpkg.com/@jsdotlua/string/-/string-1.2.6.tgz#1ff3af818f57348b49990c9768db6229a8d026c6"
  integrity sha512-ZMgH+DgJGSuDdNR0v4mdrimaS25osmPyyPeYglYhyD3mkFSmpX6XthH7+Kk/lym1iYfUDRwREUsa68GRVDy4JQ==
  dependencies:
    "@jsdotlua/es7-types" "^1.2.6"
    "@jsdotlua/number" "^1.2.6"

"@jsdotlua/timers@^1.2.6":
  version "1.2.6"
  resolved "https://registry.yarnpkg.com/@jsdotlua/timers/-/timers-1.2.6.tgz#554fb9cde6d922b85d358cad7a474183c3547604"
  integrity sha512-vYMNJqvzQM6lhvHARaViQNPL0hLZEzotk51eDJefyyED9ko1LuJaGaZmCurFbgp/n0hR1xtc/LcanN3hb3G9xg==
  dependencies:
    "@jsdotlua/collections" "^1.2.6"

commander@^11.0.0, commander@^11.1.0:
  version "11.1.0"
  resolved "https://registry.yarnpkg.com/commander/-/commander-11.1.0.tgz#62fdce76006a68e5c1ab3314dc92e800eb83d906"
  integrity sha512-yPVavfyCcRhmorC7rWlkHn15b4wDVgVmBA7kV4QVBsF7kv/9TKJAbAXVTxvTnwP8HHKjRCJDClKbciiYS7p0DQ==

npmluau@^0.1.0, npmluau@^0.1.1:
  version "0.1.1"
  resolved "https://registry.yarnpkg.com/npmluau/-/npmluau-0.1.1.tgz#0e380f9b8b6a88f2c69b7ccc57019e93459cb030"
  integrity sha512-nHY1rR32SPIbDvZRIXWPduxyr+Dp42sT7vIEedHhodvhCsCEYTpxyIDrt6/nr+paTK1uhqUQm8HuzmW5O+38wQ==
  dependencies:
    commander "^11.0.0"
    walkdir "^0.4.1"

symbol-luau@^1.0.0:
  version "1.0.1"
  resolved "https://registry.yarnpkg.com/symbol-luau/-/symbol-luau-1.0.1.tgz#efeb8327ec305fa852f18ab42bae1c0212eaaf44"
  integrity sha512-rOkl1ZSO5xMTHjCBkEgR2w55KDlJCdBYKWvR+x+1MTQjcFwRA/3XjWLJn+FGfpHELdsZ/GlPUTXRt7toQe74Ig==

walkdir@^0.4.1:
  version "0.4.1"
  resolved "https://registry.yarnpkg.com/walkdir/-/walkdir-0.4.1.tgz#dc119f83f4421df52e3061e514228a2db20afa39"
  integrity sha512-3eBwRyEln6E1MSzcxcVpQIhRG8Q1jLvEqRmCZqS3dsfXEDR/AhOF4d+jHg1qvDCpYaVRZjENPQyrVxAkQqxPgQ==
